dependencies:
- name: mysql
  repository: https://charts.bitnami.com/bitnami
  version: 9.14.4
- name: socat-tunneller
  repository: https://isotoma.github.io/charts
  version: 0.2.0
digest: sha256:193cdf0877cfaa8b3b1bddda007c9f3476b276b2095009a92f9b3c59ecb3b2e5
generated: "2023-11-28T14:55:51.69219+01:00"
